
Microsoft Visual Studio Solution File, Format Version 12.00
# Visual Studio 14
VisualStudioVersion = 14.0.25420.1
MinimumVisualStudioVersion = 10.0.40219.1
Project("{2150E333-8FDC-42A3-9474-1A3956D46DE8}") = "PricingService", "PricingService", "{5933BDCE-EDF2-4EEC-8F1F-5205EC0CC805}"
EndProject
Project("{2150E333-8FDC-42A3-9474-1A3956D46DE8}") = "WebAPI", "WebAPI", "{E0F6FF2C-0A63-4FF0-AE11-B044F139D106}"
EndProject
Project("{F2A71F9B-5D33-465A-A702-920D77279786}") = "PricingService", "PricingService\PricingService.fsproj", "{C236419E-5055-4541-B6C0-2DD8298487CE}"
EndProject
Project("{F2A71F9B-5D33-465A-A702-920D77279786}") = "WebAPI", "WebAPI\WebAPI.fsproj", "{6B1C9DFF-4103-45DC-A999-21ED432D57B3}"
EndProject
Project("{F2A71F9B-5D33-465A-A702-920D77279786}") = "PricingService.Contract", "PricingServiceEvents\PricingService.Contract.fsproj", "{B108FD94-54CF-47D6-A54E-7CBA204A0F7F}"
EndProject
Project("{2150E333-8FDC-42A3-9474-1A3956D46DE8}") = "AvailabilityService", "AvailabilityService", "{DC8E1DDB-09BD-4C35-BFB1-3C261C2E7280}"
EndProject
Project("{2150E333-8FDC-42A3-9474-1A3956D46DE8}") = "LedgerService", "LedgerService", "{BCABCECB-8CE4-4A8D-9932-B2DDD19B9EF9}"
EndProject
Project("{F2A71F9B-5D33-465A-A702-920D77279786}") = "AvailabilityService", "AvailabilityService\AvailabilityService.fsproj", "{CD3A999F-9053-4EEF-BDE7-689349CAC6A5}"
EndProject
Project("{F2A71F9B-5D33-465A-A702-920D77279786}") = "AvailabilityService.Contract", "AvailabilityService.Events\AvailabilityService.Contract.fsproj", "{B11C19E1-C90F-4AE7-9C41-BFE8179FC443}"
EndProject
Project("{2150E333-8FDC-42A3-9474-1A3956D46DE8}") = "RabbitMQ", "RabbitMQ", "{649C9298-B62C-4C75-AA4A-5FA70444091D}"
EndProject
Project("{F2A71F9B-5D33-465A-A702-920D77279786}") = "RabbitMQ.Publisher", "RabbitMQ.Publisher\RabbitMQ.Publisher.fsproj", "{4E6FD473-D2A1-400A-9989-EE01A7148755}"
EndProject
Project("{F2A71F9B-5D33-465A-A702-920D77279786}") = "AvailabilityBooking.App", "AvailabilityService.Consumer\AvailabilityBooking.App.fsproj", "{9ACE9E94-9E36-472A-BAF5-0B5CD37B7D22}"
EndProject
Project("{F2A71F9B-5D33-465A-A702-920D77279786}") = "RabbitMQ.Subscriber", "RabbitMQ.Subscriber\RabbitMQ.Subscriber.fsproj", "{023BF177-BBA4-4073-AF23-4B19A3D0E356}"
EndProject
Project("{F2A71F9B-5D33-465A-A702-920D77279786}") = "LedgerService.App", "LedgerService.Consumer\LedgerService.App.fsproj", "{F30D531A-2C63-4E84-8B58-69737045EF3C}"
EndProject
Project("{2150E333-8FDC-42A3-9474-1A3956D46DE8}") = "Gateway", "Gateway", "{93EE7B47-FC9E-44C7-9235-1548587F7B38}"
EndProject
Project("{F2A71F9B-5D33-465A-A702-920D77279786}") = "ClientGateway", "ClientGateway\ClientGateway.fsproj", "{F275FC95-5F7D-4DB8-BAE5-873E4605AD69}"
EndProject
Project("{F2A71F9B-5D33-465A-A702-920D77279786}") = "AvailabilityCancellation.App", "AvailabilityCancellation.App\AvailabilityCancellation.App.fsproj", "{EE52D1CD-F97B-45D2-A2F4-F8695F48CD10}"
EndProject
Project("{2150E333-8FDC-42A3-9474-1A3956D46DE8}") = "AdminAPI", "AdminAPI", "{7EAF27D8-93FD-4C67-900A-5A6C03D70CB8}"
EndProject
Project("{F2A71F9B-5D33-465A-A702-920D77279786}") = "AdminAPI", "AdminAPI\AdminAPI.fsproj", "{82637423-A506-41E1-A5FC-A12528916466}"
EndProject
Project("{F2A71F9B-5D33-465A-A702-920D77279786}") = "Admin.App", "Admin.App\Admin.App.fsproj", "{3E4869D2-4CDF-4382-B5BF-6F41E10EDBEA}"
EndProject
Project("{F2A71F9B-5D33-465A-A702-920D77279786}") = "Admin.Contract", "Admin.Contract\Admin.Contract.fsproj", "{EC91C4B2-9303-4905-9078-3D4F5163108A}"
EndProject
Project("{F2A71F9B-5D33-465A-A702-920D77279786}") = "AdminService", "AdminService\AdminService.fsproj", "{FF52A4F2-38B8-497D-B1D6-402955A47429}"
EndProject
Project("{F2A71F9B-5D33-465A-A702-920D77279786}") = "LedgerService", "Ledger.Service\LedgerService.fsproj", "{37C6E398-594B-420A-AAB3-A17AD3588017}"
EndProject
Project("{F2A71F9B-5D33-465A-A702-920D77279786}") = "AdminService.Web", "AdminService.Web\AdminService.Web.fsproj", "{D55D232E-A3F6-49A2-AFAC-9AA692823FEC}"
EndProject
Project("{F2A71F9B-5D33-465A-A702-920D77279786}") = "LedgerService.Web", "LedgerService.Web\LedgerService.Web.fsproj", "{B3CE251D-79C7-4A90-A16A-A657824DF9CF}"
EndProject
Project("{F2A71F9B-5D33-465A-A702-920D77279786}") = "AvailabilityService.Web", "AvailabilityService.Web\AvailabilityService.Web.fsproj", "{0E123DF5-4807-4D77-A6B9-EC1EEE32B14B}"
EndProject
Global
	GlobalSection(SolutionConfigurationPlatforms) = preSolution
		Debug|Any CPU = Debug|Any CPU
		Release|Any CPU = Release|Any CPU
	EndGlobalSection
	GlobalSection(ProjectConfigurationPlatforms) = postSolution
		{C236419E-5055-4541-B6C0-2DD8298487CE}.Debug|Any CPU.ActiveCfg = Debug|Any CPU
		{C236419E-5055-4541-B6C0-2DD8298487CE}.Debug|Any CPU.Build.0 = Debug|Any CPU
		{C236419E-5055-4541-B6C0-2DD8298487CE}.Release|Any CPU.ActiveCfg = Release|Any CPU
		{C236419E-5055-4541-B6C0-2DD8298487CE}.Release|Any CPU.Build.0 = Release|Any CPU
		{6B1C9DFF-4103-45DC-A999-21ED432D57B3}.Debug|Any CPU.ActiveCfg = Debug|Any CPU
		{6B1C9DFF-4103-45DC-A999-21ED432D57B3}.Debug|Any CPU.Build.0 = Debug|Any CPU
		{6B1C9DFF-4103-45DC-A999-21ED432D57B3}.Release|Any CPU.ActiveCfg = Release|Any CPU
		{6B1C9DFF-4103-45DC-A999-21ED432D57B3}.Release|Any CPU.Build.0 = Release|Any CPU
		{B108FD94-54CF-47D6-A54E-7CBA204A0F7F}.Debug|Any CPU.ActiveCfg = Debug|Any CPU
		{B108FD94-54CF-47D6-A54E-7CBA204A0F7F}.Debug|Any CPU.Build.0 = Debug|Any CPU
		{B108FD94-54CF-47D6-A54E-7CBA204A0F7F}.Release|Any CPU.ActiveCfg = Release|Any CPU
		{B108FD94-54CF-47D6-A54E-7CBA204A0F7F}.Release|Any CPU.Build.0 = Release|Any CPU
		{CD3A999F-9053-4EEF-BDE7-689349CAC6A5}.Debug|Any CPU.ActiveCfg = Debug|Any CPU
		{CD3A999F-9053-4EEF-BDE7-689349CAC6A5}.Debug|Any CPU.Build.0 = Debug|Any CPU
		{CD3A999F-9053-4EEF-BDE7-689349CAC6A5}.Release|Any CPU.ActiveCfg = Release|Any CPU
		{CD3A999F-9053-4EEF-BDE7-689349CAC6A5}.Release|Any CPU.Build.0 = Release|Any CPU
		{B11C19E1-C90F-4AE7-9C41-BFE8179FC443}.Debug|Any CPU.ActiveCfg = Debug|Any CPU
		{B11C19E1-C90F-4AE7-9C41-BFE8179FC443}.Debug|Any CPU.Build.0 = Debug|Any CPU
		{B11C19E1-C90F-4AE7-9C41-BFE8179FC443}.Release|Any CPU.ActiveCfg = Release|Any CPU
		{B11C19E1-C90F-4AE7-9C41-BFE8179FC443}.Release|Any CPU.Build.0 = Release|Any CPU
		{4E6FD473-D2A1-400A-9989-EE01A7148755}.Debug|Any CPU.ActiveCfg = Debug|Any CPU
		{4E6FD473-D2A1-400A-9989-EE01A7148755}.Debug|Any CPU.Build.0 = Debug|Any CPU
		{4E6FD473-D2A1-400A-9989-EE01A7148755}.Release|Any CPU.ActiveCfg = Release|Any CPU
		{4E6FD473-D2A1-400A-9989-EE01A7148755}.Release|Any CPU.Build.0 = Release|Any CPU
		{9ACE9E94-9E36-472A-BAF5-0B5CD37B7D22}.Debug|Any CPU.ActiveCfg = Debug|Any CPU
		{9ACE9E94-9E36-472A-BAF5-0B5CD37B7D22}.Debug|Any CPU.Build.0 = Debug|Any CPU
		{9ACE9E94-9E36-472A-BAF5-0B5CD37B7D22}.Release|Any CPU.ActiveCfg = Release|Any CPU
		{9ACE9E94-9E36-472A-BAF5-0B5CD37B7D22}.Release|Any CPU.Build.0 = Release|Any CPU
		{023BF177-BBA4-4073-AF23-4B19A3D0E356}.Debug|Any CPU.ActiveCfg = Debug|Any CPU
		{023BF177-BBA4-4073-AF23-4B19A3D0E356}.Debug|Any CPU.Build.0 = Debug|Any CPU
		{023BF177-BBA4-4073-AF23-4B19A3D0E356}.Release|Any CPU.ActiveCfg = Release|Any CPU
		{023BF177-BBA4-4073-AF23-4B19A3D0E356}.Release|Any CPU.Build.0 = Release|Any CPU
		{F30D531A-2C63-4E84-8B58-69737045EF3C}.Debug|Any CPU.ActiveCfg = Debug|Any CPU
		{F30D531A-2C63-4E84-8B58-69737045EF3C}.Debug|Any CPU.Build.0 = Debug|Any CPU
		{F30D531A-2C63-4E84-8B58-69737045EF3C}.Release|Any CPU.ActiveCfg = Release|Any CPU
		{F30D531A-2C63-4E84-8B58-69737045EF3C}.Release|Any CPU.Build.0 = Release|Any CPU
		{F275FC95-5F7D-4DB8-BAE5-873E4605AD69}.Debug|Any CPU.ActiveCfg = Debug|Any CPU
		{F275FC95-5F7D-4DB8-BAE5-873E4605AD69}.Debug|Any CPU.Build.0 = Debug|Any CPU
		{F275FC95-5F7D-4DB8-BAE5-873E4605AD69}.Release|Any CPU.ActiveCfg = Release|Any CPU
		{F275FC95-5F7D-4DB8-BAE5-873E4605AD69}.Release|Any CPU.Build.0 = Release|Any CPU
		{EE52D1CD-F97B-45D2-A2F4-F8695F48CD10}.Debug|Any CPU.ActiveCfg = Debug|Any CPU
		{EE52D1CD-F97B-45D2-A2F4-F8695F48CD10}.Debug|Any CPU.Build.0 = Debug|Any CPU
		{EE52D1CD-F97B-45D2-A2F4-F8695F48CD10}.Release|Any CPU.ActiveCfg = Release|Any CPU
		{EE52D1CD-F97B-45D2-A2F4-F8695F48CD10}.Release|Any CPU.Build.0 = Release|Any CPU
		{82637423-A506-41E1-A5FC-A12528916466}.Debug|Any CPU.ActiveCfg = Debug|Any CPU
		{82637423-A506-41E1-A5FC-A12528916466}.Debug|Any CPU.Build.0 = Debug|Any CPU
		{82637423-A506-41E1-A5FC-A12528916466}.Release|Any CPU.ActiveCfg = Release|Any CPU
		{82637423-A506-41E1-A5FC-A12528916466}.Release|Any CPU.Build.0 = Release|Any CPU
		{3E4869D2-4CDF-4382-B5BF-6F41E10EDBEA}.Debug|Any CPU.ActiveCfg = Debug|Any CPU
		{3E4869D2-4CDF-4382-B5BF-6F41E10EDBEA}.Debug|Any CPU.Build.0 = Debug|Any CPU
		{3E4869D2-4CDF-4382-B5BF-6F41E10EDBEA}.Release|Any CPU.ActiveCfg = Release|Any CPU
		{3E4869D2-4CDF-4382-B5BF-6F41E10EDBEA}.Release|Any CPU.Build.0 = Release|Any CPU
		{EC91C4B2-9303-4905-9078-3D4F5163108A}.Debug|Any CPU.ActiveCfg = Debug|Any CPU
		{EC91C4B2-9303-4905-9078-3D4F5163108A}.Debug|Any CPU.Build.0 = Debug|Any CPU
		{EC91C4B2-9303-4905-9078-3D4F5163108A}.Release|Any CPU.ActiveCfg = Release|Any CPU
		{EC91C4B2-9303-4905-9078-3D4F5163108A}.Release|Any CPU.Build.0 = Release|Any CPU
		{FF52A4F2-38B8-497D-B1D6-402955A47429}.Debug|Any CPU.ActiveCfg = Debug|Any CPU
		{FF52A4F2-38B8-497D-B1D6-402955A47429}.Debug|Any CPU.Build.0 = Debug|Any CPU
		{FF52A4F2-38B8-497D-B1D6-402955A47429}.Release|Any CPU.ActiveCfg = Release|Any CPU
		{FF52A4F2-38B8-497D-B1D6-402955A47429}.Release|Any CPU.Build.0 = Release|Any CPU
		{37C6E398-594B-420A-AAB3-A17AD3588017}.Debug|Any CPU.ActiveCfg = Debug|Any CPU
		{37C6E398-594B-420A-AAB3-A17AD3588017}.Debug|Any CPU.Build.0 = Debug|Any CPU
		{37C6E398-594B-420A-AAB3-A17AD3588017}.Release|Any CPU.ActiveCfg = Release|Any CPU
		{37C6E398-594B-420A-AAB3-A17AD3588017}.Release|Any CPU.Build.0 = Release|Any CPU
		{D55D232E-A3F6-49A2-AFAC-9AA692823FEC}.Debug|Any CPU.ActiveCfg = Debug|Any CPU
		{D55D232E-A3F6-49A2-AFAC-9AA692823FEC}.Debug|Any CPU.Build.0 = Debug|Any CPU
		{D55D232E-A3F6-49A2-AFAC-9AA692823FEC}.Release|Any CPU.ActiveCfg = Release|Any CPU
		{D55D232E-A3F6-49A2-AFAC-9AA692823FEC}.Release|Any CPU.Build.0 = Release|Any CPU
		{B3CE251D-79C7-4A90-A16A-A657824DF9CF}.Debug|Any CPU.ActiveCfg = Debug|Any CPU
		{B3CE251D-79C7-4A90-A16A-A657824DF9CF}.Debug|Any CPU.Build.0 = Debug|Any CPU
		{B3CE251D-79C7-4A90-A16A-A657824DF9CF}.Release|Any CPU.ActiveCfg = Release|Any CPU
		{B3CE251D-79C7-4A90-A16A-A657824DF9CF}.Release|Any CPU.Build.0 = Release|Any CPU
		{0E123DF5-4807-4D77-A6B9-EC1EEE32B14B}.Debug|Any CPU.ActiveCfg = Debug|Any CPU
		{0E123DF5-4807-4D77-A6B9-EC1EEE32B14B}.Debug|Any CPU.Build.0 = Debug|Any CPU
		{0E123DF5-4807-4D77-A6B9-EC1EEE32B14B}.Release|Any CPU.ActiveCfg = Release|Any CPU
		{0E123DF5-4807-4D77-A6B9-EC1EEE32B14B}.Release|Any CPU.Build.0 = Release|Any CPU
	EndGlobalSection
	GlobalSection(SolutionProperties) = preSolution
		HideSolutionNode = FALSE
	EndGlobalSection
	GlobalSection(NestedProjects) = preSolution
		{C236419E-5055-4541-B6C0-2DD8298487CE} = {5933BDCE-EDF2-4EEC-8F1F-5205EC0CC805}
		{6B1C9DFF-4103-45DC-A999-21ED432D57B3} = {E0F6FF2C-0A63-4FF0-AE11-B044F139D106}
		{B108FD94-54CF-47D6-A54E-7CBA204A0F7F} = {5933BDCE-EDF2-4EEC-8F1F-5205EC0CC805}
		{CD3A999F-9053-4EEF-BDE7-689349CAC6A5} = {DC8E1DDB-09BD-4C35-BFB1-3C261C2E7280}
		{B11C19E1-C90F-4AE7-9C41-BFE8179FC443} = {DC8E1DDB-09BD-4C35-BFB1-3C261C2E7280}
		{4E6FD473-D2A1-400A-9989-EE01A7148755} = {649C9298-B62C-4C75-AA4A-5FA70444091D}
		{9ACE9E94-9E36-472A-BAF5-0B5CD37B7D22} = {DC8E1DDB-09BD-4C35-BFB1-3C261C2E7280}
		{023BF177-BBA4-4073-AF23-4B19A3D0E356} = {649C9298-B62C-4C75-AA4A-5FA70444091D}
		{F30D531A-2C63-4E84-8B58-69737045EF3C} = {BCABCECB-8CE4-4A8D-9932-B2DDD19B9EF9}
		{F275FC95-5F7D-4DB8-BAE5-873E4605AD69} = {93EE7B47-FC9E-44C7-9235-1548587F7B38}
		{EE52D1CD-F97B-45D2-A2F4-F8695F48CD10} = {DC8E1DDB-09BD-4C35-BFB1-3C261C2E7280}
		{82637423-A506-41E1-A5FC-A12528916466} = {7EAF27D8-93FD-4C67-900A-5A6C03D70CB8}
		{3E4869D2-4CDF-4382-B5BF-6F41E10EDBEA} = {7EAF27D8-93FD-4C67-900A-5A6C03D70CB8}
		{EC91C4B2-9303-4905-9078-3D4F5163108A} = {7EAF27D8-93FD-4C67-900A-5A6C03D70CB8}
		{FF52A4F2-38B8-497D-B1D6-402955A47429} = {7EAF27D8-93FD-4C67-900A-5A6C03D70CB8}
		{37C6E398-594B-420A-AAB3-A17AD3588017} = {BCABCECB-8CE4-4A8D-9932-B2DDD19B9EF9}
		{D55D232E-A3F6-49A2-AFAC-9AA692823FEC} = {7EAF27D8-93FD-4C67-900A-5A6C03D70CB8}
		{B3CE251D-79C7-4A90-A16A-A657824DF9CF} = {BCABCECB-8CE4-4A8D-9932-B2DDD19B9EF9}
		{0E123DF5-4807-4D77-A6B9-EC1EEE32B14B} = {DC8E1DDB-09BD-4C35-BFB1-3C261C2E7280}
	EndGlobalSection
EndGlobal
